// !$*UTF8*$!
{
	archiveVersion = 1;
	classes = {
	};
	objectVersion = 50;
	objects = {

/* Begin PBXBuildFile section */
		84366E7D26BADABD00AD4D75 /* AppDelegate.swift in Sources */ = {isa = PBXBuildFile; fileRef = 84366E7C26BADABD00AD4D75 /* AppDelegate.swift */; };
		84366E7F26BADABD00AD4D75 /* SceneDelegate.swift in Sources */ = {isa = PBXBuildFile; fileRef = 84366E7E26BADABD00AD4D75 /* SceneDelegate.swift */; };
		84366E8626BADABF00AD4D75 /* Assets.xcassets in Resources */ = {isa = PBXBuildFile; fileRef = 84366E8526BADABF00AD4D75 /* Assets.xcassets */; };
		84366E8926BADABF00AD4D75 /* LaunchScreen.storyboard in Resources */ = {isa = PBXBuildFile; fileRef = 84366E8726BADABF00AD4D75 /* LaunchScreen.storyboard */; };
		84366E9626BC74D000AD4D75 /* SettingsViewController.swift in Sources */ = {isa = PBXBuildFile; fileRef = 84366E9526BC74D000AD4D75 /* SettingsViewController.swift */; };
		84366ED526BD18F900AD4D75 /* MainViewController.swift in Sources */ = {isa = PBXBuildFile; fileRef = 84366ED426BD18F900AD4D75 /* MainViewController.swift */; };
		84E00D2726BD3FC700B8ECFA /* CalculatorView.swift in Sources */ = {isa = PBXBuildFile; fileRef = 84E00D2626BD3FC700B8ECFA /* CalculatorView.swift */; };
		84E766F726BD5C25004D2EE0 /* DesignLeo.framework in Copy Frameworks */ = {isa = PBXBuildFile; fileRef = 84E766EC26BD5BE3004D2EE0 /* DesignLeo.framework */; settings = {ATTRIBUTES = (CodeSignOnCopy, RemoveHeadersOnCopy, ); }; };
		84E766F826BD5C29004D2EE0 /* MathLeo.framework in Copy Frameworks */ = {isa = PBXBuildFile; fileRef = 84E766F326BD5BEC004D2EE0 /* MathLeo.framework */; settings = {ATTRIBUTES = (CodeSignOnCopy, RemoveHeadersOnCopy, ); }; };
		84E766FA26BD76CC004D2EE0 /* DesignService.swift in Sources */ = {isa = PBXBuildFile; fileRef = 84E766F926BD76CC004D2EE0 /* DesignService.swift */; };
		84E7677326BEE805004D2EE0 /* CalculatorViewModel.swift in Sources */ = {isa = PBXBuildFile; fileRef = 84E7677226BEE805004D2EE0 /* CalculatorViewModel.swift */; };
		84E767A026C1600D004D2EE0 /* SettingsViewModel.swift in Sources */ = {isa = PBXBuildFile; fileRef = 84E7679F26C1600D004D2EE0 /* SettingsViewModel.swift */; };
		84E767A226C17227004D2EE0 /* SettingsFeatureTableViewCell.swift in Sources */ = {isa = PBXBuildFile; fileRef = 84E767A126C17227004D2EE0 /* SettingsFeatureTableViewCell.swift */; };
		84E767A726C1A1AC004D2EE0 /* UIStackView+Extension.swift in Sources */ = {isa = PBXBuildFile; fileRef = 84E767A626C1A1AC004D2EE0 /* UIStackView+Extension.swift */; };
		84E7681326C2A753004D2EE0 /* DatabaseLeo.framework in Copy Frameworks */ = {isa = PBXBuildFile; fileRef = 84E7680D26C2A749004D2EE0 /* DatabaseLeo.framework */; settings = {ATTRIBUTES = (CodeSignOnCopy, RemoveHeadersOnCopy, ); }; };
/* End PBXBuildFile section */

/* Begin PBXContainerItemProxy section */
		84E766EB26BD5BE3004D2EE0 /* PBXContainerItemProxy */ = {
			isa = PBXContainerItemProxy;
			containerPortal = 84E766E726BD5BE3004D2EE0 /* DesignLeo.xcodeproj */;
			proxyType = 2;
			remoteGlobalIDString = 848E80EC26BD23C60078A6A2;
			remoteInfo = DesignLeo;
		};
		84E766F226BD5BEC004D2EE0 /* PBXContainerItemProxy */ = {
			isa = PBXContainerItemProxy;
			containerPortal = 84E766ED26BD5BEC004D2EE0 /* MathLeo.xcodeproj */;
			proxyType = 2;
			remoteGlobalIDString = 84366EE026BD1A2E00AD4D75;
			remoteInfo = MathLeo;
		};
		84E766F426BD5BEC004D2EE0 /* PBXContainerItemProxy */ = {
			isa = PBXContainerItemProxy;
			containerPortal = 84E766ED26BD5BEC004D2EE0 /* MathLeo.xcodeproj */;
			proxyType = 2;
			remoteGlobalIDString = 848E80D726BD23870078A6A2;
			remoteInfo = MathLeoTests;
		};
		84E7672226BEDF4A004D2EE0 /* PBXContainerItemProxy */ = {
			isa = PBXContainerItemProxy;
			containerPortal = 84366E7126BADABD00AD4D75 /* Project object */;
			proxyType = 1;
			remoteGlobalIDString = 84366E7826BADABD00AD4D75;
			remoteInfo = CalcLeo;
		};
		84E7680C26C2A749004D2EE0 /* PBXContainerItemProxy */ = {
			isa = PBXContainerItemProxy;
			containerPortal = 84E7680726C2A749004D2EE0 /* DatabaseLeo.xcodeproj */;
			proxyType = 2;
			remoteGlobalIDString = 84E767E626C292EB004D2EE0;
			remoteInfo = DatabaseLeo;
		};
		84E7680E26C2A749004D2EE0 /* PBXContainerItemProxy */ = {
			isa = PBXContainerItemProxy;
			containerPortal = 84E7680726C2A749004D2EE0 /* DatabaseLeo.xcodeproj */;
			proxyType = 2;
			remoteGlobalIDString = 84E767EF26C292EB004D2EE0;
			remoteInfo = DatabaseLeoTests;
		};
		84E7686F26C2AF9F004D2EE0 /* PBXContainerItemProxy */ = {
			isa = PBXContainerItemProxy;
			containerPortal = 84E7686A26C2AF9F004D2EE0 /* CodableLeo.xcodeproj */;
			proxyType = 2;
			remoteGlobalIDString = 84E7684526C2A90E004D2EE0;
			remoteInfo = CodableLeo;
		};
		84E7687126C2AF9F004D2EE0 /* PBXContainerItemProxy */ = {
			isa = PBXContainerItemProxy;
			containerPortal = 84E7686A26C2AF9F004D2EE0 /* CodableLeo.xcodeproj */;
			proxyType = 2;
			remoteGlobalIDString = 84E7684E26C2A90F004D2EE0;
			remoteInfo = CodableLeoTests;
		};
		84E768A126C2B337004D2EE0 /* PBXContainerItemProxy */ = {
			isa = PBXContainerItemProxy;
			containerPortal = 84E7689C26C2B337004D2EE0 /* NetworkLeo.xcodeproj */;
			proxyType = 2;
			remoteGlobalIDString = 84E7688226C2B312004D2EE0;
			remoteInfo = NetworkLeo;
		};
		84E768A326C2B337004D2EE0 /* PBXContainerItemProxy */ = {
			isa = PBXContainerItemProxy;
			containerPortal = 84E7689C26C2B337004D2EE0 /* NetworkLeo.xcodeproj */;
			proxyType = 2;
			remoteGlobalIDString = 84E7688B26C2B312004D2EE0;
			remoteInfo = NetworkLeoTests;
		};
/* End PBXContainerItemProxy section */

/* Begin PBXCopyFilesBuildPhase section */
		84E766F626BD5C00004D2EE0 /* Copy Frameworks */ = {
			isa = PBXCopyFilesBuildPhase;
			buildActionMask = 2147483647;
			dstPath = "";
			dstSubfolderSpec = 10;
			files = (
				84E766F726BD5C25004D2EE0 /* DesignLeo.framework in Copy Frameworks */,
				84E766F826BD5C29004D2EE0 /* MathLeo.framework in Copy Frameworks */,
				84E7681326C2A753004D2EE0 /* DatabaseLeo.framework in Copy Frameworks */,
			);
			name = "Copy Frameworks";
			runOnlyForDeploymentPostprocessing = 0;
		};
/* End PBXCopyFilesBuildPhase section */

/* Begin PBXFileReference section */
		84366E7926BADABD00AD4D75 /* CalcLeo.app */ = {isa = PBXFileReference; explicitFileType = wrapper.application; includeInIndex = 0; path = CalcLeo.app; sourceTree = BUILT_PRODUCTS_DIR; };
		84366E7C26BADABD00AD4D75 /* AppDelegate.swift */ = {isa = PBXFileReference; lastKnownFileType = sourcecode.swift; path = AppDelegate.swift; sourceTree = "<group>"; };
		84366E7E26BADABD00AD4D75 /* SceneDelegate.swift */ = {isa = PBXFileReference; lastKnownFileType = sourcecode.swift; path = SceneDelegate.swift; sourceTree = "<group>"; };
		84366E8526BADABF00AD4D75 /* Assets.xcassets */ = {isa = PBXFileReference; lastKnownFileType = folder.assetcatalog; path = Assets.xcassets; sourceTree = "<group>"; };
		84366E8826BADABF00AD4D75 /* Base */ = {isa = PBXFileReference; lastKnownFileType = file.storyboard; name = Base; path = Base.lproj/LaunchScreen.storyboard; sourceTree = "<group>"; };
		84366E8A26BADABF00AD4D75 /* Info.plist */ = {isa = PBXFileReference; lastKnownFileType = text.plist.xml; path = Info.plist; sourceTree = "<group>"; };
		84366E9526BC74D000AD4D75 /* SettingsViewController.swift */ = {isa = PBXFileReference; lastKnownFileType = sourcecode.swift; path = SettingsViewController.swift; sourceTree = "<group>"; };
		84366ED426BD18F900AD4D75 /* MainViewController.swift */ = {isa = PBXFileReference; fileEncoding = 4; lastKnownFileType = sourcecode.swift; path = MainViewController.swift; sourceTree = "<group>"; };
		84E00D2626BD3FC700B8ECFA /* CalculatorView.swift */ = {isa = PBXFileReference; lastKnownFileType = sourcecode.swift; path = CalculatorView.swift; sourceTree = "<group>"; };
		84E766E726BD5BE3004D2EE0 /* DesignLeo.xcodeproj */ = {isa = PBXFileReference; lastKnownFileType = "wrapper.pb-project"; name = DesignLeo.xcodeproj; path = ../../../DesignLeo/DesignLeo.xcodeproj; sourceTree = "<group>"; };
		84E766ED26BD5BEC004D2EE0 /* MathLeo.xcodeproj */ = {isa = PBXFileReference; lastKnownFileType = "wrapper.pb-project"; name = MathLeo.xcodeproj; path = ../../../MathLeo/MathLeo.xcodeproj; sourceTree = "<group>"; };
		84E766F926BD76CC004D2EE0 /* DesignService.swift */ = {isa = PBXFileReference; lastKnownFileType = sourcecode.swift; path = DesignService.swift; sourceTree = "<group>"; };
		84E7671D26BEDF4A004D2EE0 /* CalcLeoTests.xctest */ = {isa = PBXFileReference; explicitFileType = wrapper.cfbundle; includeInIndex = 0; path = CalcLeoTests.xctest; sourceTree = BUILT_PRODUCTS_DIR; };
		84E7672126BEDF4A004D2EE0 /* Info.plist */ = {isa = PBXFileReference; lastKnownFileType = text.plist.xml; path = Info.plist; sourceTree = "<group>"; };
		84E7677226BEE805004D2EE0 /* CalculatorViewModel.swift */ = {isa = PBXFileReference; lastKnownFileType = sourcecode.swift; path = CalculatorViewModel.swift; sourceTree = "<group>"; };
		84E7679F26C1600D004D2EE0 /* SettingsViewModel.swift */ = {isa = PBXFileReference; lastKnownFileType = sourcecode.swift; path = SettingsViewModel.swift; sourceTree = "<group>"; };
		84E767A126C17227004D2EE0 /* SettingsFeatureTableViewCell.swift */ = {isa = PBXFileReference; lastKnownFileType = sourcecode.swift; path = SettingsFeatureTableViewCell.swift; sourceTree = "<group>"; };
		84E767A626C1A1AC004D2EE0 /* UIStackView+Extension.swift */ = {isa = PBXFileReference; lastKnownFileType = sourcecode.swift; path = "UIStackView+Extension.swift"; sourceTree = "<group>"; };
		84E7680726C2A749004D2EE0 /* DatabaseLeo.xcodeproj */ = {isa = PBXFileReference; lastKnownFileType = "wrapper.pb-project"; name = DatabaseLeo.xcodeproj; path = ../../../DatabaseLeo/DatabaseLeo.xcodeproj; sourceTree = "<group>"; };
		84E7686A26C2AF9F004D2EE0 /* CodableLeo.xcodeproj */ = {isa = PBXFileReference; lastKnownFileType = "wrapper.pb-project"; name = CodableLeo.xcodeproj; path = ../../../CodableLeo/CodableLeo.xcodeproj; sourceTree = "<group>"; };
		84E7689C26C2B337004D2EE0 /* NetworkLeo.xcodeproj */ = {isa = PBXFileReference; lastKnownFileType = "wrapper.pb-project"; name = NetworkLeo.xcodeproj; path = ../../../NetworkLeo/NetworkLeo.xcodeproj; sourceTree = "<group>"; };
/* End PBXFileReference section */

/* Begin PBXFrameworksBuildPhase section */
		84366E7626BADABD00AD4D75 /* Frameworks */ = {
			isa = PBXFrameworksBuildPhase;
			buildActionMask = 2147483647;
			files = (
			);
			runOnlyForDeploymentPostprocessing = 0;
		};
		84E7671A26BEDF4A004D2EE0 /* Frameworks */ = {
			isa = PBXFrameworksBuildPhase;
			buildActionMask = 2147483647;
			files = (
			);
			runOnlyForDeploymentPostprocessing = 0;
		};
/* End PBXFrameworksBuildPhase section */

/* Begin PBXGroup section */
		84366E7026BADABD00AD4D75 = {
			isa = PBXGroup;
			children = (
				84366E7B26BADABD00AD4D75 /* CalcLeo */,
				84E7671E26BEDF4A004D2EE0 /* CalcLeoTests */,
				84366E7A26BADABD00AD4D75 /* Products */,
			);
			sourceTree = "<group>";
		};
		84366E7A26BADABD00AD4D75 /* Products */ = {
			isa = PBXGroup;
			children = (
				84366E7926BADABD00AD4D75 /* CalcLeo.app */,
				84E7671D26BEDF4A004D2EE0 /* CalcLeoTests.xctest */,
			);
			name = Products;
			sourceTree = "<group>";
		};
		84366E7B26BADABD00AD4D75 /* CalcLeo */ = {
			isa = PBXGroup;
			children = (
				84366E9026BADDCD00AD4D75 /* Classes */,
				84366E9126BADDD400AD4D75 /* Resources */,
			);
			path = CalcLeo;
			sourceTree = "<group>";
		};
		84366E9026BADDCD00AD4D75 /* Classes */ = {
			isa = PBXGroup;
			children = (
				84366E7C26BADABD00AD4D75 /* AppDelegate.swift */,
				84366E7E26BADABD00AD4D75 /* SceneDelegate.swift */,
				84E00D2826BD3FDD00B8ECFA /* ViewControllers */,
				84366E9226BADEA500AD4D75 /* Views */,
				84E7677426BEE80E004D2EE0 /* ViewModels */,
				84366E9726BC74EF00AD4D75 /* Support */,
				84E767A526C1A198004D2EE0 /* Extensions */,
			);
			path = Classes;
			sourceTree = "<group>";
		};
		84366E9126BADDD400AD4D75 /* Resources */ = {
			isa = PBXGroup;
			children = (
				84E766E626BD5BB3004D2EE0 /* Frameworks */,
				84366E8526BADABF00AD4D75 /* Assets.xcassets */,
				84366E8726BADABF00AD4D75 /* LaunchScreen.storyboard */,
				84366E8A26BADABF00AD4D75 /* Info.plist */,
			);
			path = Resources;
			sourceTree = "<group>";
		};
		84366E9226BADEA500AD4D75 /* Views */ = {
			isa = PBXGroup;
			children = (
				84E00D2626BD3FC700B8ECFA /* CalculatorView.swift */,
				84E767A126C17227004D2EE0 /* SettingsFeatureTableViewCell.swift */,
			);
			path = Views;
			sourceTree = "<group>";
		};
		84366E9726BC74EF00AD4D75 /* Support */ = {
			isa = PBXGroup;
			children = (
				84E766F926BD76CC004D2EE0 /* DesignService.swift */,
			);
			path = Support;
			sourceTree = "<group>";
		};
		84E00D2826BD3FDD00B8ECFA /* ViewControllers */ = {
			isa = PBXGroup;
			children = (
				84366ED426BD18F900AD4D75 /* MainViewController.swift */,
				84366E9526BC74D000AD4D75 /* SettingsViewController.swift */,
			);
			path = ViewControllers;
			sourceTree = "<group>";
		};
		84E766E626BD5BB3004D2EE0 /* Frameworks */ = {
			isa = PBXGroup;
			children = (
				84E7689C26C2B337004D2EE0 /* NetworkLeo.xcodeproj */,
				84E7686A26C2AF9F004D2EE0 /* CodableLeo.xcodeproj */,
				84E7680726C2A749004D2EE0 /* DatabaseLeo.xcodeproj */,
				84E766E726BD5BE3004D2EE0 /* DesignLeo.xcodeproj */,
				84E766ED26BD5BEC004D2EE0 /* MathLeo.xcodeproj */,
			);
			name = Frameworks;
			sourceTree = "<group>";
		};
		84E766E826BD5BE3004D2EE0 /* Products */ = {
			isa = PBXGroup;
			children = (
				84E766EC26BD5BE3004D2EE0 /* DesignLeo.framework */,
			);
			name = Products;
			sourceTree = "<group>";
		};
		84E766EE26BD5BEC004D2EE0 /* Products */ = {
			isa = PBXGroup;
			children = (
				84E766F326BD5BEC004D2EE0 /* MathLeo.framework */,
				84E766F526BD5BEC004D2EE0 /* MathLeoTests.xctest */,
			);
			name = Products;
			sourceTree = "<group>";
		};
		84E7671E26BEDF4A004D2EE0 /* CalcLeoTests */ = {
			isa = PBXGroup;
			children = (
				84E7672126BEDF4A004D2EE0 /* Info.plist */,
			);
			path = CalcLeoTests;
			sourceTree = "<group>";
		};
		84E7677426BEE80E004D2EE0 /* ViewModels */ = {
			isa = PBXGroup;
			children = (
				84E7677226BEE805004D2EE0 /* CalculatorViewModel.swift */,
				84E7679F26C1600D004D2EE0 /* SettingsViewModel.swift */,
			);
			path = ViewModels;
			sourceTree = "<group>";
		};
		84E767A526C1A198004D2EE0 /* Extensions */ = {
			isa = PBXGroup;
			children = (
				84E767A626C1A1AC004D2EE0 /* UIStackView+Extension.swift */,
			);
			path = Extensions;
			sourceTree = "<group>";
		};
		84E7680826C2A749004D2EE0 /* Products */ = {
			isa = PBXGroup;
			children = (
				84E7680D26C2A749004D2EE0 /* DatabaseLeo.framework */,
				84E7680F26C2A749004D2EE0 /* DatabaseLeoTests.xctest */,
			);
			name = Products;
			sourceTree = "<group>";
		};
		84E7686B26C2AF9F004D2EE0 /* Products */ = {
			isa = PBXGroup;
			children = (
				84E7687026C2AF9F004D2EE0 /* CodableLeo.framework */,
				84E7687226C2AF9F004D2EE0 /* CodableLeoTests.xctest */,
			);
			name = Products;
			sourceTree = "<group>";
		};
		84E7689D26C2B337004D2EE0 /* Products */ = {
			isa = PBXGroup;
			children = (
				84E768A226C2B337004D2EE0 /* NetworkLeo.framework */,
				84E768A426C2B337004D2EE0 /* NetworkLeoTests.xctest */,
			);
			name = Products;
			sourceTree = "<group>";
		};
/* End PBXGroup section */

/* Begin PBXNativeTarget section */
		84366E7826BADABD00AD4D75 /* CalcLeo */ = {
			isa = PBXNativeTarget;
			buildConfigurationList = 84366E8D26BADABF00AD4D75 /* Build configuration list for PBXNativeTarget "CalcLeo" */;
			buildPhases = (
				84366E7526BADABD00AD4D75 /* Sources */,
				84366E7626BADABD00AD4D75 /* Frameworks */,
				84366E7726BADABD00AD4D75 /* Resources */,
				84E766F626BD5C00004D2EE0 /* Copy Frameworks */,
			);
			buildRules = (
			);
			dependencies = (
			);
			name = CalcLeo;
			productName = CalcLeo;
			productReference = 84366E7926BADABD00AD4D75 /* CalcLeo.app */;
			productType = "com.apple.product-type.application";
		};
		84E7671C26BEDF4A004D2EE0 /* CalcLeoTests */ = {
			isa = PBXNativeTarget;
			buildConfigurationList = 84E7672426BEDF4A004D2EE0 /* Build configuration list for PBXNativeTarget "CalcLeoTests" */;
			buildPhases = (
				84E7671926BEDF4A004D2EE0 /* Sources */,
				84E7671A26BEDF4A004D2EE0 /* Frameworks */,
				84E7671B26BEDF4A004D2EE0 /* Resources */,
			);
			buildRules = (
			);
			dependencies = (
				84E7672326BEDF4A004D2EE0 /* PBXTargetDependency */,
			);
			name = CalcLeoTests;
			productName = CalcLeoTests;
			productReference = 84E7671D26BEDF4A004D2EE0 /* CalcLeoTests.xctest */;
			productType = "com.apple.product-type.bundle.unit-test";
		};
/* End PBXNativeTarget section */

/* Begin PBXProject section */
		84366E7126BADABD00AD4D75 /* Project object */ = {
			isa = PBXProject;
			attributes = {
				LastSwiftUpdateCheck = 1250;
				LastUpgradeCheck = 1250;
				TargetAttributes = {
					84366E7826BADABD00AD4D75 = {
						CreatedOnToolsVersion = 12.5.1;
					};
					84E7671C26BEDF4A004D2EE0 = {
						CreatedOnToolsVersion = 12.5.1;
						TestTargetID = 84366E7826BADABD00AD4D75;
					};
				};
			};
			buildConfigurationList = 84366E7426BADABD00AD4D75 /* Build configuration list for PBXProject "CalcLeo" */;
			compatibilityVersion = "Xcode 9.3";
			developmentRegion = en;
			hasScannedForEncodings = 0;
			knownRegions = (
				en,
				Base,
			);
			mainGroup = 84366E7026BADABD00AD4D75;
			productRefGroup = 84366E7A26BADABD00AD4D75 /* Products */;
			projectDirPath = "";
			projectReferences = (
				{
					ProductGroup = 84E7686B26C2AF9F004D2EE0 /* Products */;
					ProjectRef = 84E7686A26C2AF9F004D2EE0 /* CodableLeo.xcodeproj */;
				},
				{
					ProductGroup = 84E7680826C2A749004D2EE0 /* Products */;
					ProjectRef = 84E7680726C2A749004D2EE0 /* DatabaseLeo.xcodeproj */;
				},
				{
					ProductGroup = 84E766E826BD5BE3004D2EE0 /* Products */;
					ProjectRef = 84E766E726BD5BE3004D2EE0 /* DesignLeo.xcodeproj */;
				},
				{
					ProductGroup = 84E766EE26BD5BEC004D2EE0 /* Products */;
					ProjectRef = 84E766ED26BD5BEC004D2EE0 /* MathLeo.xcodeproj */;
				},
				{
					ProductGroup = 84E7689D26C2B337004D2EE0 /* Products */;
					ProjectRef = 84E7689C26C2B337004D2EE0 /* NetworkLeo.xcodeproj */;
				},
			);
			projectRoot = "";
			targets = (
				84366E7826BADABD00AD4D75 /* CalcLeo */,
				84E7671C26BEDF4A004D2EE0 /* CalcLeoTests */,
			);
		};
/* End PBXProject section */

/* Begin PBXReferenceProxy section */
		84E766EC26BD5BE3004D2EE0 /* DesignLeo.framework */ = {
			isa = PBXReferenceProxy;
			fileType = wrapper.framework;
			path = DesignLeo.framework;
			remoteRef = 84E766EB26BD5BE3004D2EE0 /* PBXContainerItemProxy */;
			sourceTree = BUILT_PRODUCTS_DIR;
		};
		84E766F326BD5BEC004D2EE0 /* MathLeo.framework */ = {
			isa = PBXReferenceProxy;
			fileType = wrapper.framework;
			path = MathLeo.framework;
			remoteRef = 84E766F226BD5BEC004D2EE0 /* PBXContainerItemProxy */;
			sourceTree = BUILT_PRODUCTS_DIR;
		};
		84E766F526BD5BEC004D2EE0 /* MathLeoTests.xctest */ = {
			isa = PBXReferenceProxy;
			fileType = wrapper.cfbundle;
			path = MathLeoTests.xctest;
			remoteRef = 84E766F426BD5BEC004D2EE0 /* PBXContainerItemProxy */;
			sourceTree = BUILT_PRODUCTS_DIR;
		};
		84E7680D26C2A749004D2EE0 /* DatabaseLeo.framework */ = {
			isa = PBXReferenceProxy;
			fileType = wrapper.framework;
			path = DatabaseLeo.framework;
			remoteRef = 84E7680C26C2A749004D2EE0 /* PBXContainerItemProxy */;
			sourceTree = BUILT_PRODUCTS_DIR;
		};
		84E7680F26C2A749004D2EE0 /* DatabaseLeoTests.xctest */ = {
			isa = PBXReferenceProxy;
			fileType = wrapper.cfbundle;
			path = DatabaseLeoTests.xctest;
			remoteRef = 84E7680E26C2A749004D2EE0 /* PBXContainerItemProxy */;
			sourceTree = BUILT_PRODUCTS_DIR;
		};
		84E7687026C2AF9F004D2EE0 /* CodableLeo.framework */ = {
			isa = PBXReferenceProxy;
			fileType = wrapper.framework;
			path = CodableLeo.framework;
			remoteRef = 84E7686F26C2AF9F004D2EE0 /* PBXContainerItemProxy */;
			sourceTree = BUILT_PRODUCTS_DIR;
		};
		84E7687226C2AF9F004D2EE0 /* CodableLeoTests.xctest */ = {
			isa = PBXReferenceProxy;
			fileType = wrapper.cfbundle;
			path = CodableLeoTests.xctest;
			remoteRef = 84E7687126C2AF9F004D2EE0 /* PBXContainerItemProxy */;
			sourceTree = BUILT_PRODUCTS_DIR;
		};
		84E768A226C2B337004D2EE0 /* NetworkLeo.framework */ = {
			isa = PBXReferenceProxy;
			fileType = wrapper.framework;
			path = NetworkLeo.framework;
			remoteRef = 84E768A126C2B337004D2EE0 /* PBXContainerItemProxy */;
			sourceTree = BUILT_PRODUCTS_DIR;
		};
		84E768A426C2B337004D2EE0 /* NetworkLeoTests.xctest */ = {
			isa = PBXReferenceProxy;
			fileType = wrapper.cfbundle;
			path = NetworkLeoTests.xctest;
			remoteRef = 84E768A326C2B337004D2EE0 /* PBXContainerItemProxy */;
			sourceTree = BUILT_PRODUCTS_DIR;
		};
/* End PBXReferenceProxy section */

/* Begin PBXResourcesBuildPhase section */
		84366E7726BADABD00AD4D75 /* Resources */ = {
			isa = PBXResourcesBuildPhase;
			buildActionMask = 2147483647;
			files = (
				84366E8926BADABF00AD4D75 /* LaunchScreen.storyboard in Resources */,
				84366E8626BADABF00AD4D75 /* Assets.xcassets in Resources */,
			);
			runOnlyForDeploymentPostprocessing = 0;
		};
		84E7671B26BEDF4A004D2EE0 /* Resources */ = {
			isa = PBXResourcesBuildPhase;
			buildActionMask = 2147483647;
			files = (
			);
			runOnlyForDeploymentPostprocessing = 0;
		};
/* End PBXResourcesBuildPhase section */

/* Begin PBXSourcesBuildPhase section */
		84366E7526BADABD00AD4D75 /* Sources */ = {
			isa = PBXSourcesBuildPhase;
			buildActionMask = 2147483647;
			files = (
				84366E7D26BADABD00AD4D75 /* AppDelegate.swift in Sources */,
				84366ED526BD18F900AD4D75 /* MainViewController.swift in Sources */,
				84E7677326BEE805004D2EE0 /* CalculatorViewModel.swift in Sources */,
				84E767A726C1A1AC004D2EE0 /* UIStackView+Extension.swift in Sources */,
				84366E7F26BADABD00AD4D75 /* SceneDelegate.swift in Sources */,
				84366E9626BC74D000AD4D75 /* SettingsViewController.swift in Sources */,
				84E00D2726BD3FC700B8ECFA /* CalculatorView.swift in Sources */,
				84E766FA26BD76CC004D2EE0 /* DesignService.swift in Sources */,
				84E767A226C17227004D2EE0 /* SettingsFeatureTableViewCell.swift in Sources */,
				84E767A026C1600D004D2EE0 /* SettingsViewModel.swift in Sources */,
			);
			runOnlyForDeploymentPostprocessing = 0;
		};
		84E7671926BEDF4A004D2EE0 /* Sources */ = {
			isa = PBXSourcesBuildPhase;
			buildActionMask = 2147483647;
			files = (
			);
			runOnlyForDeploymentPostprocessing = 0;
		};
/* End PBXSourcesBuildPhase section */

/* Begin PBXTargetDependency section */
		84E7672326BEDF4A004D2EE0 /* PBXTargetDependency */ = {
			isa = PBXTargetDependency;
			target = 84366E7826BADABD00AD4D75 /* CalcLeo */;
			targetProxy = 84E7672226BEDF4A004D2EE0 /* PBXContainerItemProxy */;
		};
/* End PBXTargetDependency section */

/* Begin PBXVariantGroup section */
		84366E8726BADABF00AD4D75 /* LaunchScreen.storyboard */ = {
			isa = PBXVariantGroup;
			children = (
				84366E8826BADABF00AD4D75 /* Base */,
			);
			name = LaunchScreen.storyboard;
			sourceTree = "<group>";
		};
/* End PBXVariantGroup section */

/* Begin XCBuildConfiguration section */
		84366E8B26BADABF00AD4D75 /* Debug */ = {
			isa = XCBuildConfiguration;
			buildSettings = {
				ALWAYS_SEARCH_USER_PATHS = NO;
				CLANG_ANALYZER_NONNULL = YES;
				CLANG_ANALYZER_NUMBER_OBJECT_CONVERSION = YES_AGGRESSIVE;
				CLANG_CXX_LANGUAGE_STANDARD = "gnu++14";
				CLANG_CXX_LIBRARY = "libc++";
				CLANG_ENABLE_MODULES = YES;
				CLANG_ENABLE_OBJC_ARC = YES;
				CLANG_ENABLE_OBJC_WEAK = YES;
				CLANG_WARN_BLOCK_CAPTURE_AUTORELEASING = YES;
				CLANG_WARN_BOOL_CONVERSION = YES;
				CLANG_WARN_COMMA = YES;
				CLANG_WARN_CONSTANT_CONVERSION = YES;
				CLANG_WARN_DEPRECATED_OBJC_IMPLEMENTATIONS = YES;
				CLANG_WARN_DIRECT_OBJC_ISA_USAGE = YES_ERROR;
				CLANG_WARN_DOCUMENTATION_COMMENTS = YES;
				CLANG_WARN_EMPTY_BODY = YES;
				CLANG_WARN_ENUM_CONVERSION = YES;
				CLANG_WARN_INFINITE_RECURSION = YES;
				CLANG_WARN_INT_CONVERSION = YES;
				CLANG_WARN_NON_LITERAL_NULL_CONVERSION = YES;
				CLANG_WARN_OBJC_IMPLICIT_RETAIN_SELF = YES;
				CLANG_WARN_OBJC_LITERAL_CONVERSION = YES;
				CLANG_WARN_OBJC_ROOT_CLASS = YES_ERROR;
				CLANG_WARN_QUOTED_INCLUDE_IN_FRAMEWORK_HEADER = YES;
				CLANG_WARN_RANGE_LOOP_ANALYSIS = YES;
				CLANG_WARN_STRICT_PROTOTYPES = YES;
				CLANG_WARN_SUSPICIOUS_MOVE = YES;
				CLANG_WARN_UNGUARDED_AVAILABILITY = YES_AGGRESSIVE;
				CLANG_WARN_UNREACHABLE_CODE = YES;
				CLANG_WARN__DUPLICATE_METHOD_MATCH = YES;
				COPY_PHASE_STRIP = NO;
				DEBUG_INFORMATION_FORMAT = dwarf;
				ENABLE_STRICT_OBJC_MSGSEND = YES;
				ENABLE_TESTABILITY = YES;
				GCC_C_LANGUAGE_STANDARD = gnu11;
				GCC_DYNAMIC_NO_PIC = NO;
				GCC_NO_COMMON_BLOCKS = YES;
				GCC_OPTIMIZATION_LEVEL = 0;
				GCC_PREPROCESSOR_DEFINITIONS = (
					"DEBUG=1",
					"$(inherited)",
				);
				GCC_WARN_64_TO_32_BIT_CONVERSION = YES;
				GCC_WARN_ABOUT_RETURN_TYPE = YES_ERROR;
				GCC_WARN_UNDECLARED_SELECTOR = YES;
				GCC_WARN_UNINITIALIZED_AUTOS = YES_AGGRESSIVE;
				GCC_WARN_UNUSED_FUNCTION = YES;
				GCC_WARN_UNUSED_VARIABLE = YES;
				IPHONEOS_DEPLOYMENT_TARGET = 13.0;
				MTL_ENABLE_DEBUG_INFO = INCLUDE_SOURCE;
				MTL_FAST_MATH = YES;
				ONLY_ACTIVE_ARCH = YES;
				SDKROOT = iphoneos;
				SWIFT_ACTIVE_COMPILATION_CONDITIONS = DEBUG;
				SWIFT_OPTIMIZATION_LEVEL = "-Onone";
			};
			name = Debug;
		};
		84366E8C26BADABF00AD4D75 /* Release */ = {
			isa = XCBuildConfiguration;
			buildSettings = {
				ALWAYS_SEARCH_USER_PATHS = NO;
				CLANG_ANALYZER_NONNULL = YES;
				CLANG_ANALYZER_NUMBER_OBJECT_CONVERSION = YES_AGGRESSIVE;
				CLANG_CXX_LANGUAGE_STANDARD = "gnu++14";
				CLANG_CXX_LIBRARY = "libc++";
				CLANG_ENABLE_MODULES = YES;
				CLANG_ENABLE_OBJC_ARC = YES;
				CLANG_ENABLE_OBJC_WEAK = YES;
				CLANG_WARN_BLOCK_CAPTURE_AUTORELEASING = YES;
				CLANG_WARN_BOOL_CONVERSION = YES;
				CLANG_WARN_COMMA = YES;
				CLANG_WARN_CONSTANT_CONVERSION = YES;
				CLANG_WARN_DEPRECATED_OBJC_IMPLEMENTATIONS = YES;
				CLANG_WARN_DIRECT_OBJC_ISA_USAGE = YES_ERROR;
				CLANG_WARN_DOCUMENTATION_COMMENTS = YES;
				CLANG_WARN_EMPTY_BODY = YES;
				CLANG_WARN_ENUM_CONVERSION = YES;
				CLANG_WARN_INFINITE_RECURSION = YES;
				CLANG_WARN_INT_CONVERSION = YES;
				CLANG_WARN_NON_LITERAL_NULL_CONVERSION = YES;
				CLANG_WARN_OBJC_IMPLICIT_RETAIN_SELF = YES;
				CLANG_WARN_OBJC_LITERAL_CONVERSION = YES;
				CLANG_WARN_OBJC_ROOT_CLASS = YES_ERROR;
				CLANG_WARN_QUOTED_INCLUDE_IN_FRAMEWORK_HEADER = YES;
				CLANG_WARN_RANGE_LOOP_ANALYSIS = YES;
				CLANG_WARN_STRICT_PROTOTYPES = YES;
				CLANG_WARN_SUSPICIOUS_MOVE = YES;
				CLANG_WARN_UNGUARDED_AVAILABILITY = YES_AGGRESSIVE;
				CLANG_WARN_UNREACHABLE_CODE = YES;
				CLANG_WARN__DUPLICATE_METHOD_MATCH = YES;
				COPY_PHASE_STRIP = NO;
				DEBUG_INFORMATION_FORMAT = "dwarf-with-dsym";
				ENABLE_NS_ASSERTIONS = NO;
				ENABLE_STRICT_OBJC_MSGSEND = YES;
				GCC_C_LANGUAGE_STANDARD = gnu11;
				GCC_NO_COMMON_BLOCKS = YES;
				GCC_WARN_64_TO_32_BIT_CONVERSION = YES;
				GCC_WARN_ABOUT_RETURN_TYPE = YES_ERROR;
				GCC_WARN_UNDECLARED_SELECTOR = YES;
				GCC_WARN_UNINITIALIZED_AUTOS = YES_AGGRESSIVE;
				GCC_WARN_UNUSED_FUNCTION = YES;
				GCC_WARN_UNUSED_VARIABLE = YES;
				IPHONEOS_DEPLOYMENT_TARGET = 13.0;
				MTL_ENABLE_DEBUG_INFO = NO;
				MTL_FAST_MATH = YES;
				SDKROOT = iphoneos;
				SWIFT_COMPILATION_MODE = wholemodule;
				SWIFT_OPTIMIZATION_LEVEL = "-O";
				VALIDATE_PRODUCT = YES;
			};
			name = Release;
		};
		84366E8E26BADABF00AD4D75 /* Debug */ = {
			isa = XCBuildConfiguration;
			buildSettings = {
				ASSETCATALOG_COMPILER_APPICON_NAME = AppIcon;
				ASSETCATALOG_COMPILER_GLOBAL_ACCENT_COLOR_NAME = AccentColor;
				CODE_SIGN_STYLE = Automatic;
				DEVELOPMENT_TEAM = J6W248GRQS;
				INFOPLIST_FILE = CalcLeo/Resources/Info.plist;
				LD_RUNPATH_SEARCH_PATHS = (
					"$(inherited)",
					"@executable_path/Frameworks",
				);
				PRODUCT_BUNDLE_IDENTIFIER = com.none.testing.CalcLeo;
				PRODUCT_NAME = "$(TARGET_NAME)";
				SWIFT_VERSION = 5.0;
				TARGETED_DEVICE_FAMILY = "1,2";
			};
			name = Debug;
		};
		84366E8F26BADABF00AD4D75 /* Release */ = {
			isa = XCBuildConfiguration;
			buildSettings = {
				ASSETCATALOG_COMPILER_APPICON_NAME = AppIcon;
				ASSETCATALOG_COMPILER_GLOBAL_ACCENT_COLOR_NAME = AccentColor;
				CODE_SIGN_STYLE = Automatic;
				DEVELOPMENT_TEAM = J6W248GRQS;
				INFOPLIST_FILE = CalcLeo/Resources/Info.plist;
				LD_RUNPATH_SEARCH_PATHS = (
					"$(inherited)",
					"@executable_path/Frameworks",
				);
				PRODUCT_BUNDLE_IDENTIFIER = com.none.testing.CalcLeo;
				PRODUCT_NAME = "$(TARGET_NAME)";
				SWIFT_VERSION = 5.0;
				TARGETED_DEVICE_FAMILY = "1,2";
			};
			name = Release;
		};
		84E7672526BEDF4A004D2EE0 /* Debug */ = {
			isa = XCBuildConfiguration;
			buildSettings = {
				BUNDLE_LOADER = "$(TEST_HOST)";
				CODE_SIGN_STYLE = Automatic;
				DEVELOPMENT_TEAM = J6W248GRQS;
				INFOPLIST_FILE = CalcLeoTests/Info.plist;
				IPHONEOS_DEPLOYMENT_TARGET = 14.5;
				LD_RUNPATH_SEARCH_PATHS = (
					"$(inherited)",
					"@executable_path/Frameworks",
					"@loader_path/Frameworks",
				);
				PRODUCT_BUNDLE_IDENTIFIER = com.none.calcleo.CalcLeoTests;
				PRODUCT_NAME = "$(TARGET_NAME)";
				SWIFT_VERSION = 5.0;
				TARGETED_DEVICE_FAMILY = "1,2";
				TEST_HOST = "$(BUILT_PRODUCTS_DIR)/CalcLeo.app/CalcLeo";
			};
			name = Debug;
		};
		84E7672626BEDF4A004D2EE0 /* Release */ = {
			isa = XCBuildConfiguration;
			buildSettings = {
				BUNDLE_LOADER = "$(TEST_HOST)";
				CODE_SIGN_STYLE = Automatic;
				DEVELOPMENT_TEAM = J6W248GRQS;
				INFOPLIST_FILE = CalcLeoTests/Info.plist;
				IPHONEOS_DEPLOYMENT_TARGET = 14.5;
				LD_RUNPATH_SEARCH_PATHS = (
					"$(inherited)",
					"@executable_path/Frameworks",
					"@loader_path/Frameworks",
				);
				PRODUCT_BUNDLE_IDENTIFIER = com.none.calcleo.CalcLeoTests;
				PRODUCT_NAME = "$(TARGET_NAME)";
				SWIFT_VERSION = 5.0;
				TARGETED_DEVICE_FAMILY = "1,2";
				TEST_HOST = "$(BUILT_PRODUCTS_DIR)/CalcLeo.app/CalcLeo";
			};
			name = Release;
		};
/* End XCBuildConfiguration section */

/* Begin XCConfigurationList section */
		84366E7426BADABD00AD4D75 /* Build configuration list for PBXProject "CalcLeo" */ = {
			isa = XCConfigurationList;
			buildConfigurations = (
				84366E8B26BADABF00AD4D75 /* Debug */,
				84366E8C26BADABF00AD4D75 /* Release */,
			);
			defaultConfigurationIsVisible = 0;
			defaultConfigurationName = Release;
		};
		84366E8D26BADABF00AD4D75 /* Build configuration list for PBXNativeTarget "CalcLeo" */ = {
			isa = XCConfigurationList;
			buildConfigurations = (
				84366E8E26BADABF00AD4D75 /* Debug */,
				84366E8F26BADABF00AD4D75 /* Release */,
			);
			defaultConfigurationIsVisible = 0;
			defaultConfigurationName = Release;
		};
		84E7672426BEDF4A004D2EE0 /* Build configuration list for PBXNativeTarget "CalcLeoTests" */ = {
			isa = XCConfigurationList;
			buildConfigurations = (
				84E7672526BEDF4A004D2EE0 /* Debug */,
				84E7672626BEDF4A004D2EE0 /* Release */,
			);
			defaultConfigurationIsVisible = 0;
			defaultConfigurationName = Release;
		};
/* End XCConfigurationList section */
	};
	rootObject = 84366E7126BADABD00AD4D75 /* Project object */;
}
