// !$*UTF8*$!
{
	archiveVersion = 1;
	classes = {
	};
	objectVersion = 50;
	objects = {

/* Begin PBXBuildFile section */
		84366E7D26BADABD00AD4D75 /* AppDelegate.swift in Sources */ = {isa = PBXBuildFile; fileRef = 84366E7C26BADABD00AD4D75 /* AppDelegate.swift */; };
		84366E7F26BADABD00AD4D75 /* SceneDelegate.swift in Sources */ = {isa = PBXBuildFile; fileRef = 84366E7E26BADABD00AD4D75 /* SceneDelegate.swift */; };
		84366E8626BADABF00AD4D75 /* Assets.xcassets in Resources */ = {isa = PBXBuildFile; fileRef = 84366E8526BADABF00AD4D75 /* Assets.xcassets */; };
		84366E8926BADABF00AD4D75 /* LaunchScreen.storyboard in Resources */ = {isa = PBXBuildFile; fileRef = 84366E8726BADABF00AD4D75 /* LaunchScreen.storyboard */; };
		84366E9626BC74D000AD4D75 /* SettingsViewController.swift in Sources */ = {isa = PBXBuildFile; fileRef = 84366E9526BC74D000AD4D75 /* SettingsViewController.swift */; };
		84366E9B26BC764600AD4D75 /* CalculatorInterfaceConstructor.swift in Sources */ = {isa = PBXBuildFile; fileRef = 84366E9A26BC764600AD4D75 /* CalculatorInterfaceConstructor.swift */; };
		84366E9D26BC769000AD4D75 /* Features.plist in Resources */ = {isa = PBXBuildFile; fileRef = 84366E9C26BC769000AD4D75 /* Features.plist */; };
		84366ED526BD18F900AD4D75 /* MainViewController.swift in Sources */ = {isa = PBXBuildFile; fileRef = 84366ED426BD18F900AD4D75 /* MainViewController.swift */; };
		84E00D2026BD36CA00B8ECFA /* NumberPadView.swift in Sources */ = {isa = PBXBuildFile; fileRef = 84E00D1F26BD36CA00B8ECFA /* NumberPadView.swift */; };
		84E00D2326BD399C00B8ECFA /* VerticalOperatorView.swift in Sources */ = {isa = PBXBuildFile; fileRef = 84E00D2226BD399C00B8ECFA /* VerticalOperatorView.swift */; };
		84E00D2526BD39CD00B8ECFA /* HorizontalOperatorView.swift in Sources */ = {isa = PBXBuildFile; fileRef = 84E00D2426BD39CD00B8ECFA /* HorizontalOperatorView.swift */; };
		84E00D2726BD3FC700B8ECFA /* CalculatorView.swift in Sources */ = {isa = PBXBuildFile; fileRef = 84E00D2626BD3FC700B8ECFA /* CalculatorView.swift */; };
		84E766F726BD5C25004D2EE0 /* DesignLeo.framework in Copy Frameworks */ = {isa = PBXBuildFile; fileRef = 84E766EC26BD5BE3004D2EE0 /* DesignLeo.framework */; settings = {ATTRIBUTES = (CodeSignOnCopy, RemoveHeadersOnCopy, ); }; };
		84E766F826BD5C29004D2EE0 /* MathLeo.framework in Copy Frameworks */ = {isa = PBXBuildFile; fileRef = 84E766F326BD5BEC004D2EE0 /* MathLeo.framework */; settings = {ATTRIBUTES = (CodeSignOnCopy, RemoveHeadersOnCopy, ); }; };
		84E766FA26BD76CC004D2EE0 /* DesignService.swift in Sources */ = {isa = PBXBuildFile; fileRef = 84E766F926BD76CC004D2EE0 /* DesignService.swift */; };
/* End PBXBuildFile section */

/* Begin PBXContainerItemProxy section */
		84E766EB26BD5BE3004D2EE0 /* PBXContainerItemProxy */ = {
			isa = PBXContainerItemProxy;
			containerPortal = 84E766E726BD5BE3004D2EE0 /* DesignLeo.xcodeproj */;
			proxyType = 2;
			remoteGlobalIDString = 848E80EC26BD23C60078A6A2;
			remoteInfo = DesignLeo;
		};
		84E766F226BD5BEC004D2EE0 /* PBXContainerItemProxy */ = {
			isa = PBXContainerItemProxy;
			containerPortal = 84E766ED26BD5BEC004D2EE0 /* MathLeo.xcodeproj */;
			proxyType = 2;
			remoteGlobalIDString = 84366EE026BD1A2E00AD4D75;
			remoteInfo = MathLeo;
		};
		84E766F426BD5BEC004D2EE0 /* PBXContainerItemProxy */ = {
			isa = PBXContainerItemProxy;
			containerPortal = 84E766ED26BD5BEC004D2EE0 /* MathLeo.xcodeproj */;
			proxyType = 2;
			remoteGlobalIDString = 848E80D726BD23870078A6A2;
			remoteInfo = MathLeoTests;
		};
/* End PBXContainerItemProxy section */

/* Begin PBXCopyFilesBuildPhase section */
		84E766F626BD5C00004D2EE0 /* Copy Frameworks */ = {
			isa = PBXCopyFilesBuildPhase;
			buildActionMask = 2147483647;
			dstPath = "";
			dstSubfolderSpec = 10;
			files = (
				84E766F726BD5C25004D2EE0 /* DesignLeo.framework in Copy Frameworks */,
				84E766F826BD5C29004D2EE0 /* MathLeo.framework in Copy Frameworks */,
			);
			name = "Copy Frameworks";
			runOnlyForDeploymentPostprocessing = 0;
		};
/* End PBXCopyFilesBuildPhase section */

/* Begin PBXFileReference section */
		84366E7926BADABD00AD4D75 /* CalcLeo.app */ = {isa = PBXFileReference; explicitFileType = wrapper.application; includeInIndex = 0; path = CalcLeo.app; sourceTree = BUILT_PRODUCTS_DIR; };
		84366E7C26BADABD00AD4D75 /* AppDelegate.swift */ = {isa = PBXFileReference; lastKnownFileType = sourcecode.swift; path = AppDelegate.swift; sourceTree = "<group>"; };
		84366E7E26BADABD00AD4D75 /* SceneDelegate.swift */ = {isa = PBXFileReference; lastKnownFileType = sourcecode.swift; path = SceneDelegate.swift; sourceTree = "<group>"; };
		84366E8526BADABF00AD4D75 /* Assets.xcassets */ = {isa = PBXFileReference; lastKnownFileType = folder.assetcatalog; path = Assets.xcassets; sourceTree = "<group>"; };
		84366E8826BADABF00AD4D75 /* Base */ = {isa = PBXFileReference; lastKnownFileType = file.storyboard; name = Base; path = Base.lproj/LaunchScreen.storyboard; sourceTree = "<group>"; };
		84366E8A26BADABF00AD4D75 /* Info.plist */ = {isa = PBXFileReference; lastKnownFileType = text.plist.xml; path = Info.plist; sourceTree = "<group>"; };
		84366E9526BC74D000AD4D75 /* SettingsViewController.swift */ = {isa = PBXFileReference; lastKnownFileType = sourcecode.swift; path = SettingsViewController.swift; sourceTree = "<group>"; };
		84366E9A26BC764600AD4D75 /* CalculatorInterfaceConstructor.swift */ = {isa = PBXFileReference; lastKnownFileType = sourcecode.swift; path = CalculatorInterfaceConstructor.swift; sourceTree = "<group>"; };
		84366E9C26BC769000AD4D75 /* Features.plist */ = {isa = PBXFileReference; lastKnownFileType = text.plist.xml; path = Features.plist; sourceTree = "<group>"; };
		84366ED426BD18F900AD4D75 /* MainViewController.swift */ = {isa = PBXFileReference; fileEncoding = 4; lastKnownFileType = sourcecode.swift; path = MainViewController.swift; sourceTree = "<group>"; };
		84E00D1F26BD36CA00B8ECFA /* NumberPadView.swift */ = {isa = PBXFileReference; lastKnownFileType = sourcecode.swift; path = NumberPadView.swift; sourceTree = "<group>"; };
		84E00D2126BD373700B8ECFA /* CalcLeo.playground */ = {isa = PBXFileReference; lastKnownFileType = file.playground; path = CalcLeo.playground; sourceTree = "<group>"; xcLanguageSpecificationIdentifier = xcode.lang.swift; };
		84E00D2226BD399C00B8ECFA /* VerticalOperatorView.swift */ = {isa = PBXFileReference; lastKnownFileType = sourcecode.swift; path = VerticalOperatorView.swift; sourceTree = "<group>"; };
		84E00D2426BD39CD00B8ECFA /* HorizontalOperatorView.swift */ = {isa = PBXFileReference; lastKnownFileType = sourcecode.swift; path = HorizontalOperatorView.swift; sourceTree = "<group>"; };
		84E00D2626BD3FC700B8ECFA /* CalculatorView.swift */ = {isa = PBXFileReference; lastKnownFileType = sourcecode.swift; path = CalculatorView.swift; sourceTree = "<group>"; };
		84E766E726BD5BE3004D2EE0 /* DesignLeo.xcodeproj */ = {isa = PBXFileReference; lastKnownFileType = "wrapper.pb-project"; name = DesignLeo.xcodeproj; path = ../../../DesignLeo/DesignLeo.xcodeproj; sourceTree = "<group>"; };
		84E766ED26BD5BEC004D2EE0 /* MathLeo.xcodeproj */ = {isa = PBXFileReference; lastKnownFileType = "wrapper.pb-project"; name = MathLeo.xcodeproj; path = ../../../MathLeo/MathLeo.xcodeproj; sourceTree = "<group>"; };
		84E766F926BD76CC004D2EE0 /* DesignService.swift */ = {isa = PBXFileReference; lastKnownFileType = sourcecode.swift; path = DesignService.swift; sourceTree = "<group>"; };
/* End PBXFileReference section */

/* Begin PBXFrameworksBuildPhase section */
		84366E7626BADABD00AD4D75 /* Frameworks */ = {
			isa = PBXFrameworksBuildPhase;
			buildActionMask = 2147483647;
			files = (
			);
			runOnlyForDeploymentPostprocessing = 0;
		};
/* End PBXFrameworksBuildPhase section */

/* Begin PBXGroup section */
		84366E7026BADABD00AD4D75 = {
			isa = PBXGroup;
			children = (
				84366E7B26BADABD00AD4D75 /* CalcLeo */,
				84366E7A26BADABD00AD4D75 /* Products */,
			);
			sourceTree = "<group>";
		};
		84366E7A26BADABD00AD4D75 /* Products */ = {
			isa = PBXGroup;
			children = (
				84366E7926BADABD00AD4D75 /* CalcLeo.app */,
			);
			name = Products;
			sourceTree = "<group>";
		};
		84366E7B26BADABD00AD4D75 /* CalcLeo */ = {
			isa = PBXGroup;
			children = (
				84366E9026BADDCD00AD4D75 /* Classes */,
				84366E9126BADDD400AD4D75 /* Resources */,
			);
			path = CalcLeo;
			sourceTree = "<group>";
		};
		84366E9026BADDCD00AD4D75 /* Classes */ = {
			isa = PBXGroup;
			children = (
				84366E7C26BADABD00AD4D75 /* AppDelegate.swift */,
				84366E7E26BADABD00AD4D75 /* SceneDelegate.swift */,
				84E00D2826BD3FDD00B8ECFA /* ViewControllers */,
				84366E9226BADEA500AD4D75 /* Views */,
				84366E9726BC74EF00AD4D75 /* Support */,
			);
			path = Classes;
			sourceTree = "<group>";
		};
		84366E9126BADDD400AD4D75 /* Resources */ = {
			isa = PBXGroup;
			children = (
				84E766E626BD5BB3004D2EE0 /* Frameworks */,
				84366E8526BADABF00AD4D75 /* Assets.xcassets */,
				84366E8726BADABF00AD4D75 /* LaunchScreen.storyboard */,
				84366E8A26BADABF00AD4D75 /* Info.plist */,
				84366E9C26BC769000AD4D75 /* Features.plist */,
				84E00D2126BD373700B8ECFA /* CalcLeo.playground */,
			);
			path = Resources;
			sourceTree = "<group>";
		};
		84366E9226BADEA500AD4D75 /* Views */ = {
			isa = PBXGroup;
			children = (
				84E00D2626BD3FC700B8ECFA /* CalculatorView.swift */,
				84E00D1F26BD36CA00B8ECFA /* NumberPadView.swift */,
				84E00D2226BD399C00B8ECFA /* VerticalOperatorView.swift */,
				84E00D2426BD39CD00B8ECFA /* HorizontalOperatorView.swift */,
			);
			path = Views;
			sourceTree = "<group>";
		};
		84366E9726BC74EF00AD4D75 /* Support */ = {
			isa = PBXGroup;
			children = (
				84366E9A26BC764600AD4D75 /* CalculatorInterfaceConstructor.swift */,
				84E766F926BD76CC004D2EE0 /* DesignService.swift */,
			);
			path = Support;
			sourceTree = "<group>";
		};
		84E00D2826BD3FDD00B8ECFA /* ViewControllers */ = {
			isa = PBXGroup;
			children = (
				84366ED426BD18F900AD4D75 /* MainViewController.swift */,
				84366E9526BC74D000AD4D75 /* SettingsViewController.swift */,
			);
			path = ViewControllers;
			sourceTree = "<group>";
		};
		84E766E626BD5BB3004D2EE0 /* Frameworks */ = {
			isa = PBXGroup;
			children = (
				84E766E726BD5BE3004D2EE0 /* DesignLeo.xcodeproj */,
				84E766ED26BD5BEC004D2EE0 /* MathLeo.xcodeproj */,
			);
			name = Frameworks;
			sourceTree = "<group>";
		};
		84E766E826BD5BE3004D2EE0 /* Products */ = {
			isa = PBXGroup;
			children = (
				84E766EC26BD5BE3004D2EE0 /* DesignLeo.framework */,
			);
			name = Products;
			sourceTree = "<group>";
		};
		84E766EE26BD5BEC004D2EE0 /* Products */ = {
			isa = PBXGroup;
			children = (
				84E766F326BD5BEC004D2EE0 /* MathLeo.framework */,
				84E766F526BD5BEC004D2EE0 /* MathLeoTests.xctest */,
			);
			name = Products;
			sourceTree = "<group>";
		};
/* End PBXGroup section */

/* Begin PBXNativeTarget section */
		84366E7826BADABD00AD4D75 /* CalcLeo */ = {
			isa = PBXNativeTarget;
			buildConfigurationList = 84366E8D26BADABF00AD4D75 /* Build configuration list for PBXNativeTarget "CalcLeo" */;
			buildPhases = (
				84366E7526BADABD00AD4D75 /* Sources */,
				84366E7626BADABD00AD4D75 /* Frameworks */,
				84366E7726BADABD00AD4D75 /* Resources */,
				84E766F626BD5C00004D2EE0 /* Copy Frameworks */,
			);
			buildRules = (
			);
			dependencies = (
			);
			name = CalcLeo;
			productName = CalcLeo;
			productReference = 84366E7926BADABD00AD4D75 /* CalcLeo.app */;
			productType = "com.apple.product-type.application";
		};
/* End PBXNativeTarget section */

/* Begin PBXProject section */
		84366E7126BADABD00AD4D75 /* Project object */ = {
			isa = PBXProject;
			attributes = {
				LastSwiftUpdateCheck = 1250;
				LastUpgradeCheck = 1250;
				TargetAttributes = {
					84366E7826BADABD00AD4D75 = {
						CreatedOnToolsVersion = 12.5.1;
					};
				};
			};
			buildConfigurationList = 84366E7426BADABD00AD4D75 /* Build configuration list for PBXProject "CalcLeo" */;
			compatibilityVersion = "Xcode 9.3";
			developmentRegion = en;
			hasScannedForEncodings = 0;
			knownRegions = (
				en,
				Base,
			);
			mainGroup = 84366E7026BADABD00AD4D75;
			productRefGroup = 84366E7A26BADABD00AD4D75 /* Products */;
			projectDirPath = "";
			projectReferences = (
				{
					ProductGroup = 84E766E826BD5BE3004D2EE0 /* Products */;
					ProjectRef = 84E766E726BD5BE3004D2EE0 /* DesignLeo.xcodeproj */;
				},
				{
					ProductGroup = 84E766EE26BD5BEC004D2EE0 /* Products */;
					ProjectRef = 84E766ED26BD5BEC004D2EE0 /* MathLeo.xcodeproj */;
				},
			);
			projectRoot = "";
			targets = (
				84366E7826BADABD00AD4D75 /* CalcLeo */,
			);
		};
/* End PBXProject section */

/* Begin PBXReferenceProxy section */
		84E766EC26BD5BE3004D2EE0 /* DesignLeo.framework */ = {
			isa = PBXReferenceProxy;
			fileType = wrapper.framework;
			path = DesignLeo.framework;
			remoteRef = 84E766EB26BD5BE3004D2EE0 /* PBXContainerItemProxy */;
			sourceTree = BUILT_PRODUCTS_DIR;
		};
		84E766F326BD5BEC004D2EE0 /* MathLeo.framework */ = {
			isa = PBXReferenceProxy;
			fileType = wrapper.framework;
			path = MathLeo.framework;
			remoteRef = 84E766F226BD5BEC004D2EE0 /* PBXContainerItemProxy */;
			sourceTree = BUILT_PRODUCTS_DIR;
		};
		84E766F526BD5BEC004D2EE0 /* MathLeoTests.xctest */ = {
			isa = PBXReferenceProxy;
			fileType = wrapper.cfbundle;
			path = MathLeoTests.xctest;
			remoteRef = 84E766F426BD5BEC004D2EE0 /* PBXContainerItemProxy */;
			sourceTree = BUILT_PRODUCTS_DIR;
		};
/* End PBXReferenceProxy section */

/* Begin PBXResourcesBuildPhase section */
		84366E7726BADABD00AD4D75 /* Resources */ = {
			isa = PBXResourcesBuildPhase;
			buildActionMask = 2147483647;
			files = (
				84366E9D26BC769000AD4D75 /* Features.plist in Resources */,
				84366E8926BADABF00AD4D75 /* LaunchScreen.storyboard in Resources */,
				84366E8626BADABF00AD4D75 /* Assets.xcassets in Resources */,
			);
			runOnlyForDeploymentPostprocessing = 0;
		};
/* End PBXResourcesBuildPhase section */

/* Begin PBXSourcesBuildPhase section */
		84366E7526BADABD00AD4D75 /* Sources */ = {
			isa = PBXSourcesBuildPhase;
			buildActionMask = 2147483647;
			files = (
				84E00D2526BD39CD00B8ECFA /* HorizontalOperatorView.swift in Sources */,
				84366E9B26BC764600AD4D75 /* CalculatorInterfaceConstructor.swift in Sources */,
				84366E7D26BADABD00AD4D75 /* AppDelegate.swift in Sources */,
				84366ED526BD18F900AD4D75 /* MainViewController.swift in Sources */,
				84366E7F26BADABD00AD4D75 /* SceneDelegate.swift in Sources */,
				84E00D2326BD399C00B8ECFA /* VerticalOperatorView.swift in Sources */,
				84366E9626BC74D000AD4D75 /* SettingsViewController.swift in Sources */,
				84E00D2726BD3FC700B8ECFA /* CalculatorView.swift in Sources */,
				84E00D2026BD36CA00B8ECFA /* NumberPadView.swift in Sources */,
				84E766FA26BD76CC004D2EE0 /* DesignService.swift in Sources */,
			);
			runOnlyForDeploymentPostprocessing = 0;
		};
/* End PBXSourcesBuildPhase section */

/* Begin PBXVariantGroup section */
		84366E8726BADABF00AD4D75 /* LaunchScreen.storyboard */ = {
			isa = PBXVariantGroup;
			children = (
				84366E8826BADABF00AD4D75 /* Base */,
			);
			name = LaunchScreen.storyboard;
			sourceTree = "<group>";
		};
/* End PBXVariantGroup section */

/* Begin XCBuildConfiguration section */
		84366E8B26BADABF00AD4D75 /* Debug */ = {
			isa = XCBuildConfiguration;
			buildSettings = {
				ALWAYS_SEARCH_USER_PATHS = NO;
				CLANG_ANALYZER_NONNULL = YES;
				CLANG_ANALYZER_NUMBER_OBJECT_CONVERSION = YES_AGGRESSIVE;
				CLANG_CXX_LANGUAGE_STANDARD = "gnu++14";
				CLANG_CXX_LIBRARY = "libc++";
				CLANG_ENABLE_MODULES = YES;
				CLANG_ENABLE_OBJC_ARC = YES;
				CLANG_ENABLE_OBJC_WEAK = YES;
				CLANG_WARN_BLOCK_CAPTURE_AUTORELEASING = YES;
				CLANG_WARN_BOOL_CONVERSION = YES;
				CLANG_WARN_COMMA = YES;
				CLANG_WARN_CONSTANT_CONVERSION = YES;
				CLANG_WARN_DEPRECATED_OBJC_IMPLEMENTATIONS = YES;
				CLANG_WARN_DIRECT_OBJC_ISA_USAGE = YES_ERROR;
				CLANG_WARN_DOCUMENTATION_COMMENTS = YES;
				CLANG_WARN_EMPTY_BODY = YES;
				CLANG_WARN_ENUM_CONVERSION = YES;
				CLANG_WARN_INFINITE_RECURSION = YES;
				CLANG_WARN_INT_CONVERSION = YES;
				CLANG_WARN_NON_LITERAL_NULL_CONVERSION = YES;
				CLANG_WARN_OBJC_IMPLICIT_RETAIN_SELF = YES;
				CLANG_WARN_OBJC_LITERAL_CONVERSION = YES;
				CLANG_WARN_OBJC_ROOT_CLASS = YES_ERROR;
				CLANG_WARN_QUOTED_INCLUDE_IN_FRAMEWORK_HEADER = YES;
				CLANG_WARN_RANGE_LOOP_ANALYSIS = YES;
				CLANG_WARN_STRICT_PROTOTYPES = YES;
				CLANG_WARN_SUSPICIOUS_MOVE = YES;
				CLANG_WARN_UNGUARDED_AVAILABILITY = YES_AGGRESSIVE;
				CLANG_WARN_UNREACHABLE_CODE = YES;
				CLANG_WARN__DUPLICATE_METHOD_MATCH = YES;
				COPY_PHASE_STRIP = NO;
				DEBUG_INFORMATION_FORMAT = dwarf;
				ENABLE_STRICT_OBJC_MSGSEND = YES;
				ENABLE_TESTABILITY = YES;
				GCC_C_LANGUAGE_STANDARD = gnu11;
				GCC_DYNAMIC_NO_PIC = NO;
				GCC_NO_COMMON_BLOCKS = YES;
				GCC_OPTIMIZATION_LEVEL = 0;
				GCC_PREPROCESSOR_DEFINITIONS = (
					"DEBUG=1",
					"$(inherited)",
				);
				GCC_WARN_64_TO_32_BIT_CONVERSION = YES;
				GCC_WARN_ABOUT_RETURN_TYPE = YES_ERROR;
				GCC_WARN_UNDECLARED_SELECTOR = YES;
				GCC_WARN_UNINITIALIZED_AUTOS = YES_AGGRESSIVE;
				GCC_WARN_UNUSED_FUNCTION = YES;
				GCC_WARN_UNUSED_VARIABLE = YES;
				IPHONEOS_DEPLOYMENT_TARGET = 13.0;
				MTL_ENABLE_DEBUG_INFO = INCLUDE_SOURCE;
				MTL_FAST_MATH = YES;
				ONLY_ACTIVE_ARCH = YES;
				SDKROOT = iphoneos;
				SWIFT_ACTIVE_COMPILATION_CONDITIONS = DEBUG;
				SWIFT_OPTIMIZATION_LEVEL = "-Onone";
			};
			name = Debug;
		};
		84366E8C26BADABF00AD4D75 /* Release */ = {
			isa = XCBuildConfiguration;
			buildSettings = {
				ALWAYS_SEARCH_USER_PATHS = NO;
				CLANG_ANALYZER_NONNULL = YES;
				CLANG_ANALYZER_NUMBER_OBJECT_CONVERSION = YES_AGGRESSIVE;
				CLANG_CXX_LANGUAGE_STANDARD = "gnu++14";
				CLANG_CXX_LIBRARY = "libc++";
				CLANG_ENABLE_MODULES = YES;
				CLANG_ENABLE_OBJC_ARC = YES;
				CLANG_ENABLE_OBJC_WEAK = YES;
				CLANG_WARN_BLOCK_CAPTURE_AUTORELEASING = YES;
				CLANG_WARN_BOOL_CONVERSION = YES;
				CLANG_WARN_COMMA = YES;
				CLANG_WARN_CONSTANT_CONVERSION = YES;
				CLANG_WARN_DEPRECATED_OBJC_IMPLEMENTATIONS = YES;
				CLANG_WARN_DIRECT_OBJC_ISA_USAGE = YES_ERROR;
				CLANG_WARN_DOCUMENTATION_COMMENTS = YES;
				CLANG_WARN_EMPTY_BODY = YES;
				CLANG_WARN_ENUM_CONVERSION = YES;
				CLANG_WARN_INFINITE_RECURSION = YES;
				CLANG_WARN_INT_CONVERSION = YES;
				CLANG_WARN_NON_LITERAL_NULL_CONVERSION = YES;
				CLANG_WARN_OBJC_IMPLICIT_RETAIN_SELF = YES;
				CLANG_WARN_OBJC_LITERAL_CONVERSION = YES;
				CLANG_WARN_OBJC_ROOT_CLASS = YES_ERROR;
				CLANG_WARN_QUOTED_INCLUDE_IN_FRAMEWORK_HEADER = YES;
				CLANG_WARN_RANGE_LOOP_ANALYSIS = YES;
				CLANG_WARN_STRICT_PROTOTYPES = YES;
				CLANG_WARN_SUSPICIOUS_MOVE = YES;
				CLANG_WARN_UNGUARDED_AVAILABILITY = YES_AGGRESSIVE;
				CLANG_WARN_UNREACHABLE_CODE = YES;
				CLANG_WARN__DUPLICATE_METHOD_MATCH = YES;
				COPY_PHASE_STRIP = NO;
				DEBUG_INFORMATION_FORMAT = "dwarf-with-dsym";
				ENABLE_NS_ASSERTIONS = NO;
				ENABLE_STRICT_OBJC_MSGSEND = YES;
				GCC_C_LANGUAGE_STANDARD = gnu11;
				GCC_NO_COMMON_BLOCKS = YES;
				GCC_WARN_64_TO_32_BIT_CONVERSION = YES;
				GCC_WARN_ABOUT_RETURN_TYPE = YES_ERROR;
				GCC_WARN_UNDECLARED_SELECTOR = YES;
				GCC_WARN_UNINITIALIZED_AUTOS = YES_AGGRESSIVE;
				GCC_WARN_UNUSED_FUNCTION = YES;
				GCC_WARN_UNUSED_VARIABLE = YES;
				IPHONEOS_DEPLOYMENT_TARGET = 13.0;
				MTL_ENABLE_DEBUG_INFO = NO;
				MTL_FAST_MATH = YES;
				SDKROOT = iphoneos;
				SWIFT_COMPILATION_MODE = wholemodule;
				SWIFT_OPTIMIZATION_LEVEL = "-O";
				VALIDATE_PRODUCT = YES;
			};
			name = Release;
		};
		84366E8E26BADABF00AD4D75 /* Debug */ = {
			isa = XCBuildConfiguration;
			buildSettings = {
				ASSETCATALOG_COMPILER_APPICON_NAME = AppIcon;
				ASSETCATALOG_COMPILER_GLOBAL_ACCENT_COLOR_NAME = AccentColor;
				CODE_SIGN_STYLE = Automatic;
				DEVELOPMENT_TEAM = J6W248GRQS;
				INFOPLIST_FILE = CalcLeo/Resources/Info.plist;
				LD_RUNPATH_SEARCH_PATHS = (
					"$(inherited)",
					"@executable_path/Frameworks",
				);
				PRODUCT_BUNDLE_IDENTIFIER = com.none.testing.CalcLeo;
				PRODUCT_NAME = "$(TARGET_NAME)";
				SWIFT_VERSION = 5.0;
				TARGETED_DEVICE_FAMILY = "1,2";
			};
			name = Debug;
		};
		84366E8F26BADABF00AD4D75 /* Release */ = {
			isa = XCBuildConfiguration;
			buildSettings = {
				ASSETCATALOG_COMPILER_APPICON_NAME = AppIcon;
				ASSETCATALOG_COMPILER_GLOBAL_ACCENT_COLOR_NAME = AccentColor;
				CODE_SIGN_STYLE = Automatic;
				DEVELOPMENT_TEAM = J6W248GRQS;
				INFOPLIST_FILE = CalcLeo/Resources/Info.plist;
				LD_RUNPATH_SEARCH_PATHS = (
					"$(inherited)",
					"@executable_path/Frameworks",
				);
				PRODUCT_BUNDLE_IDENTIFIER = com.none.testing.CalcLeo;
				PRODUCT_NAME = "$(TARGET_NAME)";
				SWIFT_VERSION = 5.0;
				TARGETED_DEVICE_FAMILY = "1,2";
			};
			name = Release;
		};
/* End XCBuildConfiguration section */

/* Begin XCConfigurationList section */
		84366E7426BADABD00AD4D75 /* Build configuration list for PBXProject "CalcLeo" */ = {
			isa = XCConfigurationList;
			buildConfigurations = (
				84366E8B26BADABF00AD4D75 /* Debug */,
				84366E8C26BADABF00AD4D75 /* Release */,
			);
			defaultConfigurationIsVisible = 0;
			defaultConfigurationName = Release;
		};
		84366E8D26BADABF00AD4D75 /* Build configuration list for PBXNativeTarget "CalcLeo" */ = {
			isa = XCConfigurationList;
			buildConfigurations = (
				84366E8E26BADABF00AD4D75 /* Debug */,
				84366E8F26BADABF00AD4D75 /* Release */,
			);
			defaultConfigurationIsVisible = 0;
			defaultConfigurationName = Release;
		};
/* End XCConfigurationList section */
	};
	rootObject = 84366E7126BADABD00AD4D75 /* Project object */;
}
